// !$*UTF8*$!
{
	archiveVersion = 1;
	classes = {
	};
	objectVersion = 56;
	objects = {

/* Begin PBXBuildFile section */
		F36B4F232BDF89380034560A /* Saraswati_AssignmentApp.swift in Sources */ = {isa = PBXBuildFile; fileRef = F36B4F222BDF89380034560A /* Saraswati_AssignmentApp.swift */; };
		F36B4F252BDF89380034560A /* ContentView.swift in Sources */ = {isa = PBXBuildFile; fileRef = F36B4F242BDF89380034560A /* ContentView.swift */; };
		F36B4F272BDF893A0034560A /* Assets.xcassets in Resources */ = {isa = PBXBuildFile; fileRef = F36B4F262BDF893A0034560A /* Assets.xcassets */; };
		F36B4F2A2BDF893A0034560A /* Preview Assets.xcassets in Resources */ = {isa = PBXBuildFile; fileRef = F36B4F292BDF893A0034560A /* Preview Assets.xcassets */; };
		F36B4F342BDF893A0034560A /* Saraswati_AssignmentTests.swift in Sources */ = {isa = PBXBuildFile; fileRef = F36B4F332BDF893A0034560A /* Saraswati_AssignmentTests.swift */; };
		F36B4F3E2BDF893A0034560A /* Saraswati_AssignmentUITests.swift in Sources */ = {isa = PBXBuildFile; fileRef = F36B4F3D2BDF893A0034560A /* Saraswati_AssignmentUITests.swift */; };
		F36B4F402BDF893A0034560A /* Saraswati_AssignmentUITestsLaunchTests.swift in Sources */ = {isa = PBXBuildFile; fileRef = F36B4F3F2BDF893A0034560A /* Saraswati_AssignmentUITestsLaunchTests.swift */; };
/* End PBXBuildFile section */

/* Begin PBXContainerItemProxy section */
		F36B4F302BDF893A0034560A /* PBXContainerItemProxy */ = {
			isa = PBXContainerItemProxy;
			containerPortal = F36B4F172BDF89380034560A /* Project object */;
			proxyType = 1;
			remoteGlobalIDString = F36B4F1E2BDF89380034560A;
			remoteInfo = Saraswati_Assignment;
		};
		F36B4F3A2BDF893A0034560A /* PBXContainerItemProxy */ = {
			isa = PBXContainerItemProxy;
			containerPortal = F36B4F172BDF89380034560A /* Project object */;
			proxyType = 1;
			remoteGlobalIDString = F36B4F1E2BDF89380034560A;
			remoteInfo = Saraswati_Assignment;
		};
/* End PBXContainerItemProxy section */

/* Begin PBXFileReference section */
		F36B4F1F2BDF89380034560A /* Saraswati_Assignment.app */ = {isa = PBXFileReference; explicitFileType = wrapper.application; includeInIndex = 0; path = Saraswati_Assignment.app; sourceTree = BUILT_PRODUCTS_DIR; };
		F36B4F222BDF89380034560A /* Saraswati_AssignmentApp.swift */ = {isa = PBXFileReference; lastKnownFileType = sourcecode.swift; path = Saraswati_AssignmentApp.swift; sourceTree = "<group>"; };
		F36B4F242BDF89380034560A /* ContentView.swift */ = {isa = PBXFileReference; lastKnownFileType = sourcecode.swift; path = ContentView.swift; sourceTree = "<group>"; };
		F36B4F262BDF893A0034560A /* Assets.xcassets */ = {isa = PBXFileReference; lastKnownFileType = folder.assetcatalog; path = Assets.xcassets; sourceTree = "<group>"; };
		F36B4F292BDF893A0034560A /* Preview Assets.xcassets */ = {isa = PBXFileReference; lastKnownFileType = folder.assetcatalog; path = "Preview Assets.xcassets"; sourceTree = "<group>"; };
		F36B4F2F2BDF893A0034560A /* Saraswati_AssignmentTests.xctest */ = {isa = PBXFileReference; explicitFileType = wrapper.cfbundle; includeInIndex = 0; path = Saraswati_AssignmentTests.xctest; sourceTree = BUILT_PRODUCTS_DIR; };
		F36B4F332BDF893A0034560A /* Saraswati_AssignmentTests.swift */ = {isa = PBXFileReference; lastKnownFileType = sourcecode.swift; path = Saraswati_AssignmentTests.swift; sourceTree = "<group>"; };
		F36B4F392BDF893A0034560A /* Saraswati_AssignmentUITests.xctest */ = {isa = PBXFileReference; explicitFileType = wrapper.cfbundle; includeInIndex = 0; path = Saraswati_AssignmentUITests.xctest; sourceTree = BUILT_PRODUCTS_DIR; };
		F36B4F3D2BDF893A0034560A /* Saraswati_AssignmentUITests.swift */ = {isa = PBXFileReference; lastKnownFileType = sourcecode.swift; path = Saraswati_AssignmentUITests.swift; sourceTree = "<group>"; };
		F36B4F3F2BDF893A0034560A /* Saraswati_AssignmentUITestsLaunchTests.swift */ = {isa = PBXFileReference; lastKnownFileType = sourcecode.swift; path = Saraswati_AssignmentUITestsLaunchTests.swift; sourceTree = "<group>"; };
/* End PBXFileReference section */

/* Begin PBXFrameworksBuildPhase section */
		F36B4F1C2BDF89380034560A /* Frameworks */ = {
			isa = PBXFrameworksBuildPhase;
			buildActionMask = 2147483647;
			files = (
			);
			runOnlyForDeploymentPostprocessing = 0;
		};
		F36B4F2C2BDF893A0034560A /* Frameworks */ = {
			isa = PBXFrameworksBuildPhase;
			buildActionMask = 2147483647;
			files = (
			);
			runOnlyForDeploymentPostprocessing = 0;
		};
		F36B4F362BDF893A0034560A /* Frameworks */ = {
			isa = PBXFrameworksBuildPhase;
			buildActionMask = 2147483647;
			files = (
			);
			runOnlyForDeploymentPostprocessing = 0;
		};
/* End PBXFrameworksBuildPhase section */

/* Begin PBXGroup section */
		F36B4F162BDF89380034560A = {
			isa = PBXGroup;
			children = (
				F36B4F212BDF89380034560A /* Saraswati_Assignment */,
				F36B4F322BDF893A0034560A /* Saraswati_AssignmentTests */,
				F36B4F3C2BDF893A0034560A /* Saraswati_AssignmentUITests */,
				F36B4F202BDF89380034560A /* Products */,
			);
			sourceTree = "<group>";
		};
		F36B4F202BDF89380034560A /* Products */ = {
			isa = PBXGroup;
			children = (
				F36B4F1F2BDF89380034560A /* Saraswati_Assignment.app */,
				F36B4F2F2BDF893A0034560A /* Saraswati_AssignmentTests.xctest */,
				F36B4F392BDF893A0034560A /* Saraswati_AssignmentUITests.xctest */,
			);
			name = Products;
			sourceTree = "<group>";
		};
		F36B4F212BDF89380034560A /* Saraswati_Assignment */ = {
			isa = PBXGroup;
			children = (
				F36B4F222BDF89380034560A /* Saraswati_AssignmentApp.swift */,
				F36B4F242BDF89380034560A /* ContentView.swift */,
				F36B4F262BDF893A0034560A /* Assets.xcassets */,
				F36B4F282BDF893A0034560A /* Preview Content */,
			);
			path = Saraswati_Assignment;
			sourceTree = "<group>";
		};
		F36B4F282BDF893A0034560A /* Preview Content */ = {
			isa = PBXGroup;
			children = (
				F36B4F292BDF893A0034560A /* Preview Assets.xcassets */,
			);
			path = "Preview Content";
			sourceTree = "<group>";
		};
		F36B4F322BDF893A0034560A /* Saraswati_AssignmentTests */ = {
			isa = PBXGroup;
			children = (
				F36B4F332BDF893A0034560A /* Saraswati_AssignmentTests.swift */,
			);
			path = Saraswati_AssignmentTests;
			sourceTree = "<group>";
		};
		F36B4F3C2BDF893A0034560A /* Saraswati_AssignmentUITests */ = {
			isa = PBXGroup;
			children = (
				F36B4F3D2BDF893A0034560A /* Saraswati_AssignmentUITests.swift */,
				F36B4F3F2BDF893A0034560A /* Saraswati_AssignmentUITestsLaunchTests.swift */,
			);
			path = Saraswati_AssignmentUITests;
			sourceTree = "<group>";
		};
/* End PBXGroup section */

/* Begin PBXNativeTarget section */
		F36B4F1E2BDF89380034560A /* Saraswati_Assignment */ = {
			isa = PBXNativeTarget;
			buildConfigurationList = F36B4F432BDF893A0034560A /* Build configuration list for PBXNativeTarget "Saraswati_Assignment" */;
			buildPhases = (
				F36B4F1B2BDF89380034560A /* Sources */,
				F36B4F1C2BDF89380034560A /* Frameworks */,
				F36B4F1D2BDF89380034560A /* Resources */,
			);
			buildRules = (
			);
			dependencies = (
			);
			name = Saraswati_Assignment;
			productName = Saraswati_Assignment;
			productReference = F36B4F1F2BDF89380034560A /* Saraswati_Assignment.app */;
			productType = "com.apple.product-type.application";
		};
		F36B4F2E2BDF893A0034560A /* Saraswati_AssignmentTests */ = {
			isa = PBXNativeTarget;
			buildConfigurationList = F36B4F462BDF893A0034560A /* Build configuration list for PBXNativeTarget "Saraswati_AssignmentTests" */;
			buildPhases = (
				F36B4F2B2BDF893A0034560A /* Sources */,
				F36B4F2C2BDF893A0034560A /* Frameworks */,
				F36B4F2D2BDF893A0034560A /* Resources */,
			);
			buildRules = (
			);
			dependencies = (
				F36B4F312BDF893A0034560A /* PBXTargetDependency */,
			);
			name = Saraswati_AssignmentTests;
			productName = Saraswati_AssignmentTests;
			productReference = F36B4F2F2BDF893A0034560A /* Saraswati_AssignmentTests.xctest */;
			productType = "com.apple.product-type.bundle.unit-test";
		};
		F36B4F382BDF893A0034560A /* Saraswati_AssignmentUITests */ = {
			isa = PBXNativeTarget;
			buildConfigurationList = F36B4F492BDF893A0034560A /* Build configuration list for PBXNativeTarget "Saraswati_AssignmentUITests" */;
			buildPhases = (
				F36B4F352BDF893A0034560A /* Sources */,
				F36B4F362BDF893A0034560A /* Frameworks */,
				F36B4F372BDF893A0034560A /* Resources */,
			);
			buildRules = (
			);
			dependencies = (
				F36B4F3B2BDF893A0034560A /* PBXTargetDependency */,
			);
			name = Saraswati_AssignmentUITests;
			productName = Saraswati_AssignmentUITests;
			productReference = F36B4F392BDF893A0034560A /* Saraswati_AssignmentUITests.xctest */;
			productType = "com.apple.product-type.bundle.ui-testing";
		};
/* End PBXNativeTarget section */

/* Begin PBXProject section */
		F36B4F172BDF89380034560A /* Project object */ = {
			isa = PBXProject;
			attributes = {
				BuildIndependentTargetsInParallel = 1;
				LastSwiftUpdateCheck = 1530;
				LastUpgradeCheck = 1530;
				TargetAttributes = {
					F36B4F1E2BDF89380034560A = {
						CreatedOnToolsVersion = 15.3;
					};
					F36B4F2E2BDF893A0034560A = {
						CreatedOnToolsVersion = 15.3;
						TestTargetID = F36B4F1E2BDF89380034560A;
					};
					F36B4F382BDF893A0034560A = {
						CreatedOnToolsVersion = 15.3;
						TestTargetID = F36B4F1E2BDF89380034560A;
					};
				};
			};
			buildConfigurationList = F36B4F1A2BDF89380034560A /* Build configuration list for PBXProject "Saraswati_Assignment" */;
			compatibilityVersion = "Xcode 14.0";
			developmentRegion = en;
			hasScannedForEncodings = 0;
			knownRegions = (
				en,
				Base,
			);
			mainGroup = F36B4F162BDF89380034560A;
			productRefGroup = F36B4F202BDF89380034560A /* Products */;
			projectDirPath = "";
			projectRoot = "";
			targets = (
				F36B4F1E2BDF89380034560A /* Saraswati_Assignment */,
				F36B4F2E2BDF893A0034560A /* Saraswati_AssignmentTests */,
				F36B4F382BDF893A0034560A /* Saraswati_AssignmentUITests */,
			);
		};
/* End PBXProject section */

/* Begin PBXResourcesBuildPhase section */
		F36B4F1D2BDF89380034560A /* Resources */ = {
			isa = PBXResourcesBuildPhase;
			buildActionMask = 2147483647;
			files = (
				F36B4F2A2BDF893A0034560A /* Preview Assets.xcassets in Resources */,
				F36B4F272BDF893A0034560A /* Assets.xcassets in Resources */,
			);
			runOnlyForDeploymentPostprocessing = 0;
		};
		F36B4F2D2BDF893A0034560A /* Resources */ = {
			isa = PBXResourcesBuildPhase;
			buildActionMask = 2147483647;
			files = (
			);
			runOnlyForDeploymentPostprocessing = 0;
		};
		F36B4F372BDF893A0034560A /* Resources */ = {
			isa = PBXResourcesBuildPhase;
			buildActionMask = 2147483647;
			files = (
			);
			runOnlyForDeploymentPostprocessing = 0;
		};
/* End PBXResourcesBuildPhase section */

/* Begin PBXSourcesBuildPhase section */
		F36B4F1B2BDF89380034560A /* Sources */ = {
			isa = PBXSourcesBuildPhase;
			buildActionMask = 2147483647;
			files = (
				F36B4F252BDF89380034560A /* ContentView.swift in Sources */,
				F36B4F232BDF89380034560A /* Saraswati_AssignmentApp.swift in Sources */,
			);
			runOnlyForDeploymentPostprocessing = 0;
		};
		F36B4F2B2BDF893A0034560A /* Sources */ = {
			isa = PBXSourcesBuildPhase;
			buildActionMask = 2147483647;
			files = (
				F36B4F342BDF893A0034560A /* Saraswati_AssignmentTests.swift in Sources */,
			);
			runOnlyForDeploymentPostprocessing = 0;
		};
		F36B4F352BDF893A0034560A /* Sources */ = {
			isa = PBXSourcesBuildPhase;
			buildActionMask = 2147483647;
			files = (
				F36B4F3E2BDF893A0034560A /* Saraswati_AssignmentUITests.swift in Sources */,
				F36B4F402BDF893A0034560A /* Saraswati_AssignmentUITestsLaunchTests.swift in Sources */,
			);
			runOnlyForDeploymentPostprocessing = 0;
		};
/* End PBXSourcesBuildPhase section */

/* Begin PBXTargetDependency section */
		F36B4F312BDF893A0034560A /* PBXTargetDependency */ = {
			isa = PBXTargetDependency;
			target = F36B4F1E2BDF89380034560A /* Saraswati_Assignment */;
			targetProxy = F36B4F302BDF893A0034560A /* PBXContainerItemProxy */;
		};
		F36B4F3B2BDF893A0034560A /* PBXTargetDependency */ = {
			isa = PBXTargetDependency;
			target = F36B4F1E2BDF89380034560A /* Saraswati_Assignment */;
			targetProxy = F36B4F3A2BDF893A0034560A /* PBXContainerItemProxy */;
		};
/* End PBXTargetDependency section */

/* Begin XCBuildConfiguration section */
		F36B4F412BDF893A0034560A /* Debug */ = {
			isa = XCBuildConfiguration;
			buildSettings = {
				ALWAYS_SEARCH_USER_PATHS = NO;
				ASSETCATALOG_COMPILER_GENERATE_SWIFT_ASSET_SYMBOL_EXTENSIONS = YES;
				CLANG_ANALYZER_NONNULL = YES;
				CLANG_ANALYZER_NUMBER_OBJECT_CONVERSION = YES_AGGRESSIVE;
				CLANG_CXX_LANGUAGE_STANDARD = "gnu++20";
				CLANG_ENABLE_MODULES = YES;
				CLANG_ENABLE_OBJC_ARC = YES;
				CLANG_ENABLE_OBJC_WEAK = YES;
				CLANG_WARN_BLOCK_CAPTURE_AUTORELEASING = YES;
				CLANG_WARN_BOOL_CONVERSION = YES;
				CLANG_WARN_COMMA = YES;
				CLANG_WARN_CONSTANT_CONVERSION = YES;
				CLANG_WARN_DEPRECATED_OBJC_IMPLEMENTATIONS = YES;
				CLANG_WARN_DIRECT_OBJC_ISA_USAGE = YES_ERROR;
				CLANG_WARN_DOCUMENTATION_COMMENTS = YES;
				CLANG_WARN_EMPTY_BODY = YES;
				CLANG_WARN_ENUM_CONVERSION = YES;
				CLANG_WARN_INFINITE_RECURSION = YES;
				CLANG_WARN_INT_CONVERSION = YES;
				CLANG_WARN_NON_LITERAL_NULL_CONVERSION = YES;
				CLANG_WARN_OBJC_IMPLICIT_RETAIN_SELF = YES;
				CLANG_WARN_OBJC_LITERAL_CONVERSION = YES;
				CLANG_WARN_OBJC_ROOT_CLASS = YES_ERROR;
				CLANG_WARN_QUOTED_INCLUDE_IN_FRAMEWORK_HEADER = YES;
				CLANG_WARN_RANGE_LOOP_ANALYSIS = YES;
				CLANG_WARN_STRICT_PROTOTYPES = YES;
				CLANG_WARN_SUSPICIOUS_MOVE = YES;
				CLANG_WARN_UNGUARDED_AVAILABILITY = YES_AGGRESSIVE;
				CLANG_WARN_UNREACHABLE_CODE = YES;
				CLANG_WARN__DUPLICATE_METHOD_MATCH = YES;
				COPY_PHASE_STRIP = NO;
				DEBUG_INFORMATION_FORMAT = dwarf;
				ENABLE_STRICT_OBJC_MSGSEND = YES;
				ENABLE_TESTABILITY = YES;
				ENABLE_USER_SCRIPT_SANDBOXING = YES;
				GCC_C_LANGUAGE_STANDARD = gnu17;
				GCC_DYNAMIC_NO_PIC = NO;
				GCC_NO_COMMON_BLOCKS = YES;
				GCC_OPTIMIZATION_LEVEL = 0;
				GCC_PREPROCESSOR_DEFINITIONS = (
					"DEBUG=1",
					"$(inherited)",
				);
				GCC_WARN_64_TO_32_BIT_CONVERSION = YES;
				GCC_WARN_ABOUT_RETURN_TYPE = YES_ERROR;
				GCC_WARN_UNDECLARED_SELECTOR = YES;
				GCC_WARN_UNINITIALIZED_AUTOS = YES_AGGRESSIVE;
				GCC_WARN_UNUSED_FUNCTION = YES;
				GCC_WARN_UNUSED_VARIABLE = YES;
				IPHONEOS_DEPLOYMENT_TARGET = 17.4;
				LOCALIZATION_PREFERS_STRING_CATALOGS = YES;
				MTL_ENABLE_DEBUG_INFO = INCLUDE_SOURCE;
				MTL_FAST_MATH = YES;
				ONLY_ACTIVE_ARCH = YES;
				SDKROOT = iphoneos;
				SWIFT_ACTIVE_COMPILATION_CONDITIONS = "DEBUG $(inherited)";
				SWIFT_OPTIMIZATION_LEVEL = "-Onone";
			};
			name = Debug;
		};
		F36B4F422BDF893A0034560A /* Release */ = {
			isa = XCBuildConfiguration;
			buildSettings = {
				ALWAYS_SEARCH_USER_PATHS = NO;
				ASSETCATALOG_COMPILER_GENERATE_SWIFT_ASSET_SYMBOL_EXTENSIONS = YES;
				CLANG_ANALYZER_NONNULL = YES;
				CLANG_ANALYZER_NUMBER_OBJECT_CONVERSION = YES_AGGRESSIVE;
				CLANG_CXX_LANGUAGE_STANDARD = "gnu++20";
				CLANG_ENABLE_MODULES = YES;
				CLANG_ENABLE_OBJC_ARC = YES;
				CLANG_ENABLE_OBJC_WEAK = YES;
				CLANG_WARN_BLOCK_CAPTURE_AUTORELEASING = YES;
				CLANG_WARN_BOOL_CONVERSION = YES;
				CLANG_WARN_COMMA = YES;
				CLANG_WARN_CONSTANT_CONVERSION = YES;
				CLANG_WARN_DEPRECATED_OBJC_IMPLEMENTATIONS = YES;
				CLANG_WARN_DIRECT_OBJC_ISA_USAGE = YES_ERROR;
				CLANG_WARN_DOCUMENTATION_COMMENTS = YES;
				CLANG_WARN_EMPTY_BODY = YES;
				CLANG_WARN_ENUM_CONVERSION = YES;
				CLANG_WARN_INFINITE_RECURSION = YES;
				CLANG_WARN_INT_CONVERSION = YES;
				CLANG_WARN_NON_LITERAL_NULL_CONVERSION = YES;
				CLANG_WARN_OBJC_IMPLICIT_RETAIN_SELF = YES;
				CLANG_WARN_OBJC_LITERAL_CONVERSION = YES;
				CLANG_WARN_OBJC_ROOT_CLASS = YES_ERROR;
				CLANG_WARN_QUOTED_INCLUDE_IN_FRAMEWORK_HEADER = YES;
				CLANG_WARN_RANGE_LOOP_ANALYSIS = YES;
				CLANG_WARN_STRICT_PROTOTYPES = YES;
				CLANG_WARN_SUSPICIOUS_MOVE = YES;
				CLANG_WARN_UNGUARDED_AVAILABILITY = YES_AGGRESSIVE;
				CLANG_WARN_UNREACHABLE_CODE = YES;
				CLANG_WARN__DUPLICATE_METHOD_MATCH = YES;
				COPY_PHASE_STRIP = NO;
				DEBUG_INFORMATION_FORMAT = "dwarf-with-dsym";
				ENABLE_NS_ASSERTIONS = NO;
				ENABLE_STRICT_OBJC_MSGSEND = YES;
				ENABLE_USER_SCRIPT_SANDBOXING = YES;
				GCC_C_LANGUAGE_STANDARD = gnu17;
				GCC_NO_COMMON_BLOCKS = YES;
				GCC_WARN_64_TO_32_BIT_CONVERSION = YES;
				GCC_WARN_ABOUT_RETURN_TYPE = YES_ERROR;
				GCC_WARN_UNDECLARED_SELECTOR = YES;
				GCC_WARN_UNINITIALIZED_AUTOS = YES_AGGRESSIVE;
				GCC_WARN_UNUSED_FUNCTION = YES;
				GCC_WARN_UNUSED_VARIABLE = YES;
				IPHONEOS_DEPLOYMENT_TARGET = 17.4;
				LOCALIZATION_PREFERS_STRING_CATALOGS = YES;
				MTL_ENABLE_DEBUG_INFO = NO;
				MTL_FAST_MATH = YES;
				SDKROOT = iphoneos;
				SWIFT_COMPILATION_MODE = wholemodule;
				VALIDATE_PRODUCT = YES;
			};
			name = Release;
		};
		F36B4F442BDF893A0034560A /* Debug */ = {
			isa = XCBuildConfiguration;
			buildSettings = {
				ASSETCATALOG_COMPILER_APPICON_NAME = AppIcon;
				ASSETCATALOG_COMPILER_GLOBAL_ACCENT_COLOR_NAME = AccentColor;
				CODE_SIGN_STYLE = Automatic;
				CURRENT_PROJECT_VERSION = 1;
				DEVELOPMENT_ASSET_PATHS = "\"Saraswati_Assignment/Preview Content\"";
				ENABLE_PREVIEWS = YES;
				GENERATE_INFOPLIST_FILE = YES;
				INFOPLIST_KEY_UIApplicationSceneManifest_Generation = YES;
				INFOPLIST_KEY_UIApplicationSupportsIndirectInputEvents = YES;
				INFOPLIST_KEY_UILaunchScreen_Generation = YES;
				INFOPLIST_KEY_UISupportedInterfaceOrientations_iPad = "UIInterfaceOrientationPortrait UIInterfaceOrientationPortraitUpsideDown UIInterfaceOrientationLandscapeLeft UIInterfaceOrientationLandscapeRight";
				INFOPLIST_KEY_UISupportedInterfaceOrientations_iPhone = "UIInterfaceOrientationPortrait UIInterfaceOrientationLandscapeLeft UIInterfaceOrientationLandscapeRight";
				LD_RUNPATH_SEARCH_PATHS = (
					"$(inherited)",
					"@executable_path/Frameworks",
				);
				MARKETING_VERSION = 1.0;
				PRODUCT_BUNDLE_IDENTIFIER = "com.Hashedin.Saraswati-Assignment";
				PRODUCT_NAME = "$(TARGET_NAME)";
				SWIFT_EMIT_LOC_STRINGS = YES;
				SWIFT_VERSION = 5.0;
				TARGETED_DEVICE_FAMILY = "1,2";
			};
			name = Debug;
		};
		F36B4F452BDF893A0034560A /* Release */ = {
			isa = XCBuildConfiguration;
			buildSettings = {
				ASSETCATALOG_COMPILER_APPICON_NAME = AppIcon;
				ASSETCATALOG_COMPILER_GLOBAL_ACCENT_COLOR_NAME = AccentColor;
				CODE_SIGN_STYLE = Automatic;
				CURRENT_PROJECT_VERSION = 1;
				DEVELOPMENT_ASSET_PATHS = "\"Saraswati_Assignment/Preview Content\"";
				ENABLE_PREVIEWS = YES;
				GENERATE_INFOPLIST_FILE = YES;
				INFOPLIST_KEY_UIApplicationSceneManifest_Generation = YES;
				INFOPLIST_KEY_UIApplicationSupportsIndirectInputEvents = YES;
				INFOPLIST_KEY_UILaunchScreen_Generation = YES;
				INFOPLIST_KEY_UISupportedInterfaceOrientations_iPad = "UIInterfaceOrientationPortrait UIInterfaceOrientationPortraitUpsideDown UIInterfaceOrientationLandscapeLeft UIInterfaceOrientationLandscapeRight";
				INFOPLIST_KEY_UISupportedInterfaceOrientations_iPhone = "UIInterfaceOrientationPortrait UIInterfaceOrientationLandscapeLeft UIInterfaceOrientationLandscapeRight";
				LD_RUNPATH_SEARCH_PATHS = (
					"$(inherited)",
					"@executable_path/Frameworks",
				);
				MARKETING_VERSION = 1.0;
				PRODUCT_BUNDLE_IDENTIFIER = "com.Hashedin.Saraswati-Assignment";
				PRODUCT_NAME = "$(TARGET_NAME)";
				SWIFT_EMIT_LOC_STRINGS = YES;
				SWIFT_VERSION = 5.0;
				TARGETED_DEVICE_FAMILY = "1,2";
			};
			name = Release;
		};
		F36B4F472BDF893A0034560A /* Debug */ = {
			isa = XCBuildConfiguration;
			buildSettings = {
				ALWAYS_EMBED_SWIFT_STANDARD_LIBRARIES = YES;
				BUNDLE_LOADER = "$(TEST_HOST)";
				CODE_SIGN_STYLE = Automatic;
				CURRENT_PROJECT_VERSION = 1;
				GENERATE_INFOPLIST_FILE = YES;
				IPHONEOS_DEPLOYMENT_TARGET = 17.4;
				MARKETING_VERSION = 1.0;
				PRODUCT_BUNDLE_IDENTIFIER = "com.Hashedin.Saraswati-AssignmentTests";
				PRODUCT_NAME = "$(TARGET_NAME)";
				SWIFT_EMIT_LOC_STRINGS = NO;
				SWIFT_VERSION = 5.0;
				TARGETED_DEVICE_FAMILY = "1,2";
				TEST_HOST = "$(BUILT_PRODUCTS_DIR)/Saraswati_Assignment.app/$(BUNDLE_EXECUTABLE_FOLDER_PATH)/Saraswati_Assignment";
			};
			name = Debug;
		};
		F36B4F482BDF893A0034560A /* Release */ = {
			isa = XCBuildConfiguration;
			buildSettings = {
				ALWAYS_EMBED_SWIFT_STANDARD_LIBRARIES = YES;
				BUNDLE_LOADER = "$(TEST_HOST)";
				CODE_SIGN_STYLE = Automatic;
				CURRENT_PROJECT_VERSION = 1;
				GENERATE_INFOPLIST_FILE = YES;
				IPHONEOS_DEPLOYMENT_TARGET = 17.4;
				MARKETING_VERSION = 1.0;
				PRODUCT_BUNDLE_IDENTIFIER = "com.Hashedin.Saraswati-AssignmentTests";
				PRODUCT_NAME = "$(TARGET_NAME)";
				SWIFT_EMIT_LOC_STRINGS = NO;
				SWIFT_VERSION = 5.0;
				TARGETED_DEVICE_FAMILY = "1,2";
				TEST_HOST = "$(BUILT_PRODUCTS_DIR)/Saraswati_Assignment.app/$(BUNDLE_EXECUTABLE_FOLDER_PATH)/Saraswati_Assignment";
			};
			name = Release;
		};
		F36B4F4A2BDF893A0034560A /* Debug */ = {
			isa = XCBuildConfiguration;
			buildSettings = {
				ALWAYS_EMBED_SWIFT_STANDARD_LIBRARIES = YES;
				CODE_SIGN_STYLE = Automatic;
				CURRENT_PROJECT_VERSION = 1;
				GENERATE_INFOPLIST_FILE = YES;
				MARKETING_VERSION = 1.0;
				PRODUCT_BUNDLE_IDENTIFIER = "com.Hashedin.Saraswati-AssignmentUITests";
				PRODUCT_NAME = "$(TARGET_NAME)";
				SWIFT_EMIT_LOC_STRINGS = NO;
				SWIFT_VERSION = 5.0;
				TARGETED_DEVICE_FAMILY = "1,2";
				TEST_TARGET_NAME = Saraswati_Assignment;
			};
			name = Debug;
		};
		F36B4F4B2BDF893A0034560A /* Release */ = {
			isa = XCBuildConfiguration;
			buildSettings = {
				ALWAYS_EMBED_SWIFT_STANDARD_LIBRARIES = YES;
				CODE_SIGN_STYLE = Automatic;
				CURRENT_PROJECT_VERSION = 1;
				GENERATE_INFOPLIST_FILE = YES;
				MARKETING_VERSION = 1.0;
				PRODUCT_BUNDLE_IDENTIFIER = "com.Hashedin.Saraswati-AssignmentUITests";
				PRODUCT_NAME = "$(TARGET_NAME)";
				SWIFT_EMIT_LOC_STRINGS = NO;
				SWIFT_VERSION = 5.0;
				TARGETED_DEVICE_FAMILY = "1,2";
				TEST_TARGET_NAME = Saraswati_Assignment;
			};
			name = Release;
		};
/* End XCBuildConfiguration section */

/* Begin XCConfigurationList section */
		F36B4F1A2BDF89380034560A /* Build configuration list for PBXProject "Saraswati_Assignment" */ = {
			isa = XCConfigurationList;
			buildConfigurations = (
				F36B4F412BDF893A0034560A /* Debug */,
				F36B4F422BDF893A0034560A /* Release */,
			);
			defaultConfigurationIsVisible = 0;
			defaultConfigurationName = Release;
		};
		F36B4F432BDF893A0034560A /* Build configuration list for PBXNativeTarget "Saraswati_Assignment" */ = {
			isa = XCConfigurationList;
			buildConfigurations = (
				F36B4F442BDF893A0034560A /* Debug */,
				F36B4F452BDF893A0034560A /* Release */,
			);
			defaultConfigurationIsVisible = 0;
			defaultConfigurationName = Release;
		};
		F36B4F462BDF893A0034560A /* Build configuration list for PBXNativeTarget "Saraswati_AssignmentTests" */ = {
			isa = XCConfigurationList;
			buildConfigurations = (
				F36B4F472BDF893A0034560A /* Debug */,
				F36B4F482BDF893A0034560A /* Release */,
			);
			defaultConfigurationIsVisible = 0;
			defaultConfigurationName = Release;
		};
		F36B4F492BDF893A0034560A /* Build configuration list for PBXNativeTarget "Saraswati_AssignmentUITests" */ = {
			isa = XCConfigurationList;
			buildConfigurations = (
				F36B4F4A2BDF893A0034560A /* Debug */,
				F36B4F4B2BDF893A0034560A /* Release */,
			);
			defaultConfigurationIsVisible = 0;
			defaultConfigurationName = Release;
		};
/* End XCConfigurationList section */
	};
	rootObject = F36B4F172BDF89380034560A /* Project object */;
}
